
Microsoft Visual Studio Solution File, Format Version 12.00
# Visual Studio 15
VisualStudioVersion = 15.0.26730.3
MinimumVisualStudioVersion = 10.0.40219.1
Project("{8BC9CEB8-8B4A-11D0-8D11-00A0C91BC942}") = "Задача 2", "Задача 2\Задача 2.vcxproj", "{01FDCB5B-FC5B-499F-B3B1-193D9E5D9BE1}"
EndProject
Global
	GlobalSection(SolutionConfigurationPlatforms) = preSolution
		Debug|x64 = Debug|x64
		Debug|x86 = Debug|x86
		Release|x64 = Release|x64
		Release|x86 = Release|x86
	EndGlobalSection
	GlobalSection(ProjectConfigurationPlatforms) = postSolution
		{01FDCB5B-FC5B-499F-B3B1-193D9E5D9BE1}.Debug|x64.ActiveCfg = Debug|x64
		{01FDCB5B-FC5B-499F-B3B1-193D9E5D9BE1}.Debug|x64.Build.0 = Debug|x64
		{01FDCB5B-FC5B-499F-B3B1-193D9E5D9BE1}.Debug|x86.ActiveCfg = Debug|Win32
		{01FDCB5B-FC5B-499F-B3B1-193D9E5D9BE1}.Debug|x86.Build.0 = Debug|Win32
		{01FDCB5B-FC5B-499F-B3B1-193D9E5D9BE1}.Release|x64.ActiveCfg = Release|x64
		{01FDCB5B-FC5B-499F-B3B1-193D9E5D9BE1}.Release|x64.Build.0 = Release|x64
		{01FDCB5B-FC5B-499F-B3B1-193D9E5D9BE1}.Release|x86.ActiveCfg = Release|Win32
		{01FDCB5B-FC5B-499F-B3B1-193D9E5D9BE1}.Release|x86.Build.0 = Release|Win32
	EndGlobalSection
	GlobalSection(SolutionProperties) = preSolution
		HideSolutionNode = FALSE
	EndGlobalSection
	GlobalSection(ExtensibilityGlobals) = postSolution
		SolutionGuid = {4EA443CD-9A01-4FD2-AA79-8AFB0710CD5C}
	EndGlobalSection
EndGlobal
